
Microsoft Visual Studio Solution File, Format Version 12.00
# Visual Studio 14
VisualStudioVersion = 14.0.25420.1
MinimumVisualStudioVersion = 10.0.40219.1
Project("{FAE04EC0-301F-11D3-BF4B-00C04F79EFBC}") = "CaptivePortal.UI", "CaptivePortal.UI\CaptivePortal.UI.csproj", "{2BB3CA76-02B6-49BD-A40D-F6D2D7FDDE76}"
EndProject
Global
	GlobalSection(SolutionConfigurationPlatforms) = preSolution
		Debug|Any CPU = Debug|Any CPU
		Release|Any CPU = Release|Any CPU
	EndGlobalSection
	GlobalSection(ProjectConfigurationPlatforms) = postSolution
		{2BB3CA76-02B6-49BD-A40D-F6D2D7FDDE76}.Debug|Any CPU.ActiveCfg = Debug|Any CPU
		{2BB3CA76-02B6-49BD-A40D-F6D2D7FDDE76}.Debug|Any CPU.Build.0 = Debug|Any CPU
		{2BB3CA76-02B6-49BD-A40D-F6D2D7FDDE76}.Release|Any CPU.ActiveCfg = Release|Any CPU
		{2BB3CA76-02B6-49BD-A40D-F6D2D7FDDE76}.Release|Any CPU.Build.0 = Release|Any CPU
	EndGlobalSection
	GlobalSection(SolutionProperties) = preSolution
		HideSolutionNode = FALSE
	EndGlobalSection
EndGlobal
